
Microsoft Visual Studio Solution File, Format Version 12.00
# Visual Studio Version 17
VisualStudioVersion = 17.11.35327.3
MinimumVisualStudioVersion = 10.0.40219.1
Project("{9A19103F-16F7-4668-BE54-9A1E7A4F7556}") = "SGT10EJ1", "SGT10EJ1\SGT10EJ1.csproj", "{188AF167-8C3B-497E-B7F9-2D41E488938E}"
EndProject
Project("{9A19103F-16F7-4668-BE54-9A1E7A4F7556}") = "DALEJ1", "DALEJ1\DALEJ1.csproj", "{744E8616-DE11-4E01-97CB-57019C643BDC}"
EndProject
Project("{FAE04EC0-301F-11D3-BF4B-00C04F79EFBC}") = "MAUIAzure", "MAUIAzure\MAUIAzure.csproj", "{C02597F0-FCB4-4C87-AFAE-80FB1A956462}"
EndProject
Project("{9A19103F-16F7-4668-BE54-9A1E7A4F7556}") = "ListadoPersonasENT", "..\ListadoPersonas\ListadoPersonasENT\ListadoPersonasENT.csproj", "{55B76225-EB62-4620-8415-EB750902811E}"
EndProject
Global
	GlobalSection(SolutionConfigurationPlatforms) = preSolution
		Debug|Any CPU = Debug|Any CPU
		Release|Any CPU = Release|Any CPU
	EndGlobalSection
	GlobalSection(ProjectConfigurationPlatforms) = postSolution
		{188AF167-8C3B-497E-B7F9-2D41E488938E}.Debug|Any CPU.ActiveCfg = Debug|Any CPU
		{188AF167-8C3B-497E-B7F9-2D41E488938E}.Debug|Any CPU.Build.0 = Debug|Any CPU
		{188AF167-8C3B-497E-B7F9-2D41E488938E}.Release|Any CPU.ActiveCfg = Release|Any CPU
		{188AF167-8C3B-497E-B7F9-2D41E488938E}.Release|Any CPU.Build.0 = Release|Any CPU
		{744E8616-DE11-4E01-97CB-57019C643BDC}.Debug|Any CPU.ActiveCfg = Debug|Any CPU
		{744E8616-DE11-4E01-97CB-57019C643BDC}.Debug|Any CPU.Build.0 = Debug|Any CPU
		{744E8616-DE11-4E01-97CB-57019C643BDC}.Release|Any CPU.ActiveCfg = Release|Any CPU
		{744E8616-DE11-4E01-97CB-57019C643BDC}.Release|Any CPU.Build.0 = Release|Any CPU
		{C02597F0-FCB4-4C87-AFAE-80FB1A956462}.Debug|Any CPU.ActiveCfg = Debug|Any CPU
		{C02597F0-FCB4-4C87-AFAE-80FB1A956462}.Debug|Any CPU.Build.0 = Debug|Any CPU
		{C02597F0-FCB4-4C87-AFAE-80FB1A956462}.Debug|Any CPU.Deploy.0 = Debug|Any CPU
		{C02597F0-FCB4-4C87-AFAE-80FB1A956462}.Release|Any CPU.ActiveCfg = Release|Any CPU
		{C02597F0-FCB4-4C87-AFAE-80FB1A956462}.Release|Any CPU.Build.0 = Release|Any CPU
		{C02597F0-FCB4-4C87-AFAE-80FB1A956462}.Release|Any CPU.Deploy.0 = Release|Any CPU
		{55B76225-EB62-4620-8415-EB750902811E}.Debug|Any CPU.ActiveCfg = Debug|Any CPU
		{55B76225-EB62-4620-8415-EB750902811E}.Debug|Any CPU.Build.0 = Debug|Any CPU
		{55B76225-EB62-4620-8415-EB750902811E}.Release|Any CPU.ActiveCfg = Release|Any CPU
		{55B76225-EB62-4620-8415-EB750902811E}.Release|Any CPU.Build.0 = Release|Any CPU
	EndGlobalSection
	GlobalSection(SolutionProperties) = preSolution
		HideSolutionNode = FALSE
	EndGlobalSection
	GlobalSection(ExtensibilityGlobals) = postSolution
		SolutionGuid = {B3F9FAEC-6B69-4E88-AF22-312F716421A3}
	EndGlobalSection
EndGlobal
